
Microsoft Visual Studio Solution File, Format Version 12.00
# Visual Studio Version 17
VisualStudioVersion = 17.2.32314.265
MinimumVisualStudioVersion = 10.0.40219.1
Project("{9A19103F-16F7-4668-BE54-9A1E7A4F7556}") = "Simionic.CustomProfiles.DesktopApp", "Simionic.CustomProfiles.DesktopApp\Simionic.CustomProfiles.DesktopApp.csproj", "{2FEE4C4D-69F6-4CC6-A680-FDD62B1B8D6A}"
EndProject
Project("{54435603-DBB4-11D2-8724-00A0C9A8B90C}") = "Simionic.CustomProfiles.DesktopApp.Installer", "Simionic.CustomProfiles.DesktopApp.Installer\Simionic.CustomProfiles.DesktopApp.Installer.vdproj", "{30FB0ED5-D7E0-4414-BB3F-62DC96243A2D}"
EndProject
Project("{9A19103F-16F7-4668-BE54-9A1E7A4F7556}") = "Simionic.CustomProfiles.ImportExport", "Simonic.CustomProfiles.ImportExport\Simionic.CustomProfiles.ImportExport.csproj", "{B2176C10-4FAF-4882-B048-A39694F321C3}"
EndProject
Project("{9A19103F-16F7-4668-BE54-9A1E7A4F7556}") = "Simionic.Core", "..\Core\Simionic.Core\Simionic.Core.csproj", "{52DF0EE0-DC6C-429A-92DC-F399979E9DB3}"
EndProject
Project("{9A19103F-16F7-4668-BE54-9A1E7A4F7556}") = "IniFileManager", "..\..\..\IniFileReader\src\IniFileReader\IniFileManager.csproj", "{68E0886D-1D05-4DB2-B061-AB68899A87E1}"
EndProject
Global
	GlobalSection(SolutionConfigurationPlatforms) = preSolution
		Debug|Any CPU = Debug|Any CPU
		Release|Any CPU = Release|Any CPU
	EndGlobalSection
	GlobalSection(ProjectConfigurationPlatforms) = postSolution
		{2FEE4C4D-69F6-4CC6-A680-FDD62B1B8D6A}.Debug|Any CPU.ActiveCfg = Debug|Any CPU
		{2FEE4C4D-69F6-4CC6-A680-FDD62B1B8D6A}.Debug|Any CPU.Build.0 = Debug|Any CPU
		{2FEE4C4D-69F6-4CC6-A680-FDD62B1B8D6A}.Release|Any CPU.ActiveCfg = Release|Any CPU
		{2FEE4C4D-69F6-4CC6-A680-FDD62B1B8D6A}.Release|Any CPU.Build.0 = Release|Any CPU
		{30FB0ED5-D7E0-4414-BB3F-62DC96243A2D}.Debug|Any CPU.ActiveCfg = Debug
		{30FB0ED5-D7E0-4414-BB3F-62DC96243A2D}.Debug|Any CPU.Build.0 = Debug
		{30FB0ED5-D7E0-4414-BB3F-62DC96243A2D}.Release|Any CPU.ActiveCfg = Release
		{30FB0ED5-D7E0-4414-BB3F-62DC96243A2D}.Release|Any CPU.Build.0 = Release
		{B2176C10-4FAF-4882-B048-A39694F321C3}.Debug|Any CPU.ActiveCfg = Debug|Any CPU
		{B2176C10-4FAF-4882-B048-A39694F321C3}.Debug|Any CPU.Build.0 = Debug|Any CPU
		{B2176C10-4FAF-4882-B048-A39694F321C3}.Release|Any CPU.ActiveCfg = Release|Any CPU
		{B2176C10-4FAF-4882-B048-A39694F321C3}.Release|Any CPU.Build.0 = Release|Any CPU
		{52DF0EE0-DC6C-429A-92DC-F399979E9DB3}.Debug|Any CPU.ActiveCfg = Debug|Any CPU
		{52DF0EE0-DC6C-429A-92DC-F399979E9DB3}.Debug|Any CPU.Build.0 = Debug|Any CPU
		{52DF0EE0-DC6C-429A-92DC-F399979E9DB3}.Release|Any CPU.ActiveCfg = Release|Any CPU
		{52DF0EE0-DC6C-429A-92DC-F399979E9DB3}.Release|Any CPU.Build.0 = Release|Any CPU
		{68E0886D-1D05-4DB2-B061-AB68899A87E1}.Debug|Any CPU.ActiveCfg = Debug|Any CPU
		{68E0886D-1D05-4DB2-B061-AB68899A87E1}.Debug|Any CPU.Build.0 = Debug|Any CPU
		{68E0886D-1D05-4DB2-B061-AB68899A87E1}.Release|Any CPU.ActiveCfg = Release|Any CPU
		{68E0886D-1D05-4DB2-B061-AB68899A87E1}.Release|Any CPU.Build.0 = Release|Any CPU
	EndGlobalSection
	GlobalSection(SolutionProperties) = preSolution
		HideSolutionNode = FALSE
	EndGlobalSection
	GlobalSection(ExtensibilityGlobals) = postSolution
		SolutionGuid = {F202731D-C9A2-4BE4-8D48-CC08BAE550B4}
	EndGlobalSection
EndGlobal
