
Microsoft Visual Studio Solution File, Format Version 12.00
# Visual Studio Version 18
VisualStudioVersion = 18.3.11206.111
MinimumVisualStudioVersion = 10.0.40219.1
Project("{9A19103F-16F7-4668-BE54-9A1E7A4F7556}") = "Simionic.CustomProfiles.DesktopApp", "Simionic.CustomProfiles.DesktopApp\Simionic.CustomProfiles.DesktopApp.csproj", "{2FEE4C4D-69F6-4CC6-A680-FDD62B1B8D6A}"
EndProject
Project("{9A19103F-16F7-4668-BE54-9A1E7A4F7556}") = "Simionic.Core", "..\Common\Simionic.Core\Simionic.Core.csproj", "{52DF0EE0-DC6C-429A-92DC-F399979E9DB3}"
EndProject
Project("{FAE04EC0-301F-11D3-BF4B-00C04F79EFBC}") = "Simionic.CustomProfiles.ImportExport", "..\Common\Simionic.CustomProfiles.ImportExport\Simionic.CustomProfiles.ImportExport.csproj", "{3CBDF397-3BE2-0B99-F5E0-1ACCE81EBECF}"
EndProject
Global
	GlobalSection(SolutionConfigurationPlatforms) = preSolution
		Debug|Any CPU = Debug|Any CPU
		Release|Any CPU = Release|Any CPU
	EndGlobalSection
	GlobalSection(ProjectConfigurationPlatforms) = postSolution
		{2FEE4C4D-69F6-4CC6-A680-FDD62B1B8D6A}.Debug|Any CPU.ActiveCfg = Debug|Any CPU
		{2FEE4C4D-69F6-4CC6-A680-FDD62B1B8D6A}.Debug|Any CPU.Build.0 = Debug|Any CPU
		{2FEE4C4D-69F6-4CC6-A680-FDD62B1B8D6A}.Release|Any CPU.ActiveCfg = Release|Any CPU
		{2FEE4C4D-69F6-4CC6-A680-FDD62B1B8D6A}.Release|Any CPU.Build.0 = Release|Any CPU
		{52DF0EE0-DC6C-429A-92DC-F399979E9DB3}.Debug|Any CPU.ActiveCfg = Debug|Any CPU
		{52DF0EE0-DC6C-429A-92DC-F399979E9DB3}.Debug|Any CPU.Build.0 = Debug|Any CPU
		{52DF0EE0-DC6C-429A-92DC-F399979E9DB3}.Release|Any CPU.ActiveCfg = Release|Any CPU
		{52DF0EE0-DC6C-429A-92DC-F399979E9DB3}.Release|Any CPU.Build.0 = Release|Any CPU
		{3CBDF397-3BE2-0B99-F5E0-1ACCE81EBECF}.Debug|Any CPU.ActiveCfg = Debug|Any CPU
		{3CBDF397-3BE2-0B99-F5E0-1ACCE81EBECF}.Debug|Any CPU.Build.0 = Debug|Any CPU
		{3CBDF397-3BE2-0B99-F5E0-1ACCE81EBECF}.Release|Any CPU.ActiveCfg = Release|Any CPU
		{3CBDF397-3BE2-0B99-F5E0-1ACCE81EBECF}.Release|Any CPU.Build.0 = Release|Any CPU
	EndGlobalSection
	GlobalSection(SolutionProperties) = preSolution
		HideSolutionNode = FALSE
	EndGlobalSection
	GlobalSection(ExtensibilityGlobals) = postSolution
		SolutionGuid = {F202731D-C9A2-4BE4-8D48-CC08BAE550B4}
	EndGlobalSection
EndGlobal
