
Microsoft Visual Studio Solution File, Format Version 12.00
# Visual Studio Version 17
VisualStudioVersion = 17.0.32014.148
MinimumVisualStudioVersion = 10.0.40219.1
Project("{9A19103F-16F7-4668-BE54-9A1E7A4F7556}") = "Simionic.CustomProfiles.Core", "Simionic.CustomProfiles.Core\Simionic.CustomProfiles.Core.csproj", "{DFFB89ED-5837-40C7-9B5A-21AB32C1FC4D}"
EndProject
Project("{9A19103F-16F7-4668-BE54-9A1E7A4F7556}") = "Simionic.CustomProfiles.FunctionApp", "Simionic.CustomProfiles.FunctionApp\Simionic.CustomProfiles.FunctionApp.csproj", "{2EB52F0D-CECD-49F0-A81D-A2A70B1D0319}"
EndProject
Project("{9A19103F-16F7-4668-BE54-9A1E7A4F7556}") = "Simionic.CustomProfiles.Web", "Simionic.CustomProfiles.Web\Simionic.CustomProfiles.Web.csproj", "{87666382-61C3-48C9-BBB8-BA41AB4969AF}"
EndProject
Project("{9A19103F-16F7-4668-BE54-9A1E7A4F7556}") = "Simionic.CustomProfiles.ImportExport", "Simonic.CustomProfiles.ImportExport\Simionic.CustomProfiles.ImportExport.csproj", "{932DC54F-31BC-4FE4-BEEE-7325573F1466}"
EndProject
Project("{9A19103F-16F7-4668-BE54-9A1E7A4F7556}") = "Simionic.CustomProfiles.ImportExport.ConsoleApp", "Simionic.CustomProfiles.ImportExport.ConsoleApp\Simionic.CustomProfiles.ImportExport.ConsoleApp.csproj", "{35448A9F-0BE0-4CA2-8CA9-D4536A44CBF3}"
EndProject
Project("{9A19103F-16F7-4668-BE54-9A1E7A4F7556}") = "Simionic.CustomProfiles.DesktopApp", "Simionic.CustomProfiles.DesktopApp\Simionic.CustomProfiles.DesktopApp.csproj", "{71AC915D-65EE-4E52-993A-140746FC7F27}"
EndProject
Project("{54435603-DBB4-11D2-8724-00A0C9A8B90C}") = "Simionic.CustomProfiles.DesktopApp.Installer", "Simionic.CustomProfiles.DesktopApp.Installer\Simionic.CustomProfiles.DesktopApp.Installer.vdproj", "{838FDAC4-3016-4A84-9E85-9FE8DAB45330}"
EndProject
Global
	GlobalSection(SolutionConfigurationPlatforms) = preSolution
		Debug|Any CPU = Debug|Any CPU
		Release|Any CPU = Release|Any CPU
	EndGlobalSection
	GlobalSection(ProjectConfigurationPlatforms) = postSolution
		{DFFB89ED-5837-40C7-9B5A-21AB32C1FC4D}.Debug|Any CPU.ActiveCfg = Debug|Any CPU
		{DFFB89ED-5837-40C7-9B5A-21AB32C1FC4D}.Debug|Any CPU.Build.0 = Debug|Any CPU
		{DFFB89ED-5837-40C7-9B5A-21AB32C1FC4D}.Release|Any CPU.ActiveCfg = Release|Any CPU
		{DFFB89ED-5837-40C7-9B5A-21AB32C1FC4D}.Release|Any CPU.Build.0 = Release|Any CPU
		{2EB52F0D-CECD-49F0-A81D-A2A70B1D0319}.Debug|Any CPU.ActiveCfg = Debug|Any CPU
		{2EB52F0D-CECD-49F0-A81D-A2A70B1D0319}.Debug|Any CPU.Build.0 = Debug|Any CPU
		{2EB52F0D-CECD-49F0-A81D-A2A70B1D0319}.Release|Any CPU.ActiveCfg = Release|Any CPU
		{2EB52F0D-CECD-49F0-A81D-A2A70B1D0319}.Release|Any CPU.Build.0 = Release|Any CPU
		{87666382-61C3-48C9-BBB8-BA41AB4969AF}.Debug|Any CPU.ActiveCfg = Debug|Any CPU
		{87666382-61C3-48C9-BBB8-BA41AB4969AF}.Debug|Any CPU.Build.0 = Debug|Any CPU
		{87666382-61C3-48C9-BBB8-BA41AB4969AF}.Release|Any CPU.ActiveCfg = Release|Any CPU
		{87666382-61C3-48C9-BBB8-BA41AB4969AF}.Release|Any CPU.Build.0 = Release|Any CPU
		{932DC54F-31BC-4FE4-BEEE-7325573F1466}.Debug|Any CPU.ActiveCfg = Debug|Any CPU
		{932DC54F-31BC-4FE4-BEEE-7325573F1466}.Debug|Any CPU.Build.0 = Debug|Any CPU
		{932DC54F-31BC-4FE4-BEEE-7325573F1466}.Release|Any CPU.ActiveCfg = Release|Any CPU
		{932DC54F-31BC-4FE4-BEEE-7325573F1466}.Release|Any CPU.Build.0 = Release|Any CPU
		{35448A9F-0BE0-4CA2-8CA9-D4536A44CBF3}.Debug|Any CPU.ActiveCfg = Debug|Any CPU
		{35448A9F-0BE0-4CA2-8CA9-D4536A44CBF3}.Debug|Any CPU.Build.0 = Debug|Any CPU
		{35448A9F-0BE0-4CA2-8CA9-D4536A44CBF3}.Release|Any CPU.ActiveCfg = Release|Any CPU
		{35448A9F-0BE0-4CA2-8CA9-D4536A44CBF3}.Release|Any CPU.Build.0 = Release|Any CPU
		{71AC915D-65EE-4E52-993A-140746FC7F27}.Debug|Any CPU.ActiveCfg = Debug|Any CPU
		{71AC915D-65EE-4E52-993A-140746FC7F27}.Debug|Any CPU.Build.0 = Debug|Any CPU
		{71AC915D-65EE-4E52-993A-140746FC7F27}.Release|Any CPU.ActiveCfg = Release|Any CPU
		{71AC915D-65EE-4E52-993A-140746FC7F27}.Release|Any CPU.Build.0 = Release|Any CPU
		{838FDAC4-3016-4A84-9E85-9FE8DAB45330}.Debug|Any CPU.ActiveCfg = Debug
		{838FDAC4-3016-4A84-9E85-9FE8DAB45330}.Release|Any CPU.ActiveCfg = Release
	EndGlobalSection
	GlobalSection(SolutionProperties) = preSolution
		HideSolutionNode = FALSE
	EndGlobalSection
	GlobalSection(ExtensibilityGlobals) = postSolution
		SolutionGuid = {294918F2-F2DD-4E8F-962D-33FDAC23856F}
	EndGlobalSection
EndGlobal
